// !$*UTF8*$!
{
	archiveVersion = 1;
	classes = {
	};
	objectVersion = 50;
	objects = {

/* Begin PBXBuildFile section */
		3695ABB222C06FD5004218CF /* AppDelegate.swift in Sources */ = {isa = PBXBuildFile; fileRef = 3695ABB122C06FD5004218CF /* AppDelegate.swift */; };
		3695ABB422C06FD6004218CF /* Assets.xcassets in Resources */ = {isa = PBXBuildFile; fileRef = 3695ABB322C06FD6004218CF /* Assets.xcassets */; };
		3695ABB722C06FD6004218CF /* Main.storyboard in Resources */ = {isa = PBXBuildFile; fileRef = 3695ABB522C06FD6004218CF /* Main.storyboard */; };
		3695ABC322C06FD6004218CF /* ServerBuildTestTests.swift in Sources */ = {isa = PBXBuildFile; fileRef = 3695ABC222C06FD6004218CF /* ServerBuildTestTests.swift */; };
		3695ABCE22C06FD6004218CF /* ServerBuildTestUITests.swift in Sources */ = {isa = PBXBuildFile; fileRef = 3695ABCD22C06FD6004218CF /* ServerBuildTestUITests.swift */; };
		3695ABDC22C07ADB004218CF /* Test.swift in Sources */ = {isa = PBXBuildFile; fileRef = 3695ABDB22C07ADB004218CF /* Test.swift */; };
		3695ABDD22C07ADB004218CF /* Test.swift in Sources */ = {isa = PBXBuildFile; fileRef = 3695ABDB22C07ADB004218CF /* Test.swift */; };
		3695ABDE22C07ADB004218CF /* Test.swift in Sources */ = {isa = PBXBuildFile; fileRef = 3695ABDB22C07ADB004218CF /* Test.swift */; };
/* End PBXBuildFile section */

/* Begin PBXContainerItemProxy section */
		3695ABBF22C06FD6004218CF /* PBXContainerItemProxy */ = {
			isa = PBXContainerItemProxy;
			containerPortal = 3695ABA622C06FD5004218CF /* Project object */;
			proxyType = 1;
			remoteGlobalIDString = 3695ABAD22C06FD5004218CF;
			remoteInfo = ServerBuildTest;
		};
		3695ABCA22C06FD6004218CF /* PBXContainerItemProxy */ = {
			isa = PBXContainerItemProxy;
			containerPortal = 3695ABA622C06FD5004218CF /* Project object */;
			proxyType = 1;
			remoteGlobalIDString = 3695ABAD22C06FD5004218CF;
			remoteInfo = ServerBuildTest;
		};
/* End PBXContainerItemProxy section */

/* Begin PBXFileReference section */
		3695ABAE22C06FD5004218CF /* ServerBuildTest.app */ = {isa = PBXFileReference; explicitFileType = wrapper.application; includeInIndex = 0; path = ServerBuildTest.app; sourceTree = BUILT_PRODUCTS_DIR; };
		3695ABB122C06FD5004218CF /* AppDelegate.swift */ = {isa = PBXFileReference; lastKnownFileType = sourcecode.swift; path = AppDelegate.swift; sourceTree = "<group>"; };
		3695ABB322C06FD6004218CF /* Assets.xcassets */ = {isa = PBXFileReference; lastKnownFileType = folder.assetcatalog; path = Assets.xcassets; sourceTree = "<group>"; };
		3695ABB622C06FD6004218CF /* Base */ = {isa = PBXFileReference; lastKnownFileType = file.storyboard; name = Base; path = Base.lproj/Main.storyboard; sourceTree = "<group>"; };
		3695ABB822C06FD6004218CF /* Info.plist */ = {isa = PBXFileReference; lastKnownFileType = text.plist.xml; path = Info.plist; sourceTree = "<group>"; };
		3695ABB922C06FD6004218CF /* ServerBuildTest.entitlements */ = {isa = PBXFileReference; lastKnownFileType = text.plist.entitlements; path = ServerBuildTest.entitlements; sourceTree = "<group>"; };
		3695ABBE22C06FD6004218CF /* ServerBuildTestTests.xctest */ = {isa = PBXFileReference; explicitFileType = wrapper.cfbundle; includeInIndex = 0; path = ServerBuildTestTests.xctest; sourceTree = BUILT_PRODUCTS_DIR; };
		3695ABC222C06FD6004218CF /* ServerBuildTestTests.swift */ = {isa = PBXFileReference; lastKnownFileType = sourcecode.swift; path = ServerBuildTestTests.swift; sourceTree = "<group>"; };
		3695ABC422C06FD6004218CF /* Info.plist */ = {isa = PBXFileReference; lastKnownFileType = text.plist.xml; path = Info.plist; sourceTree = "<group>"; };
		3695ABC922C06FD6004218CF /* ServerBuildTestUITests.xctest */ = {isa = PBXFileReference; explicitFileType = wrapper.cfbundle; includeInIndex = 0; path = ServerBuildTestUITests.xctest; sourceTree = BUILT_PRODUCTS_DIR; };
		3695ABCD22C06FD6004218CF /* ServerBuildTestUITests.swift */ = {isa = PBXFileReference; lastKnownFileType = sourcecode.swift; path = ServerBuildTestUITests.swift; sourceTree = "<group>"; };
		3695ABCF22C06FD6004218CF /* Info.plist */ = {isa = PBXFileReference; lastKnownFileType = text.plist.xml; path = Info.plist; sourceTree = "<group>"; };
		3695ABDB22C07ADB004218CF /* Test.swift */ = {isa = PBXFileReference; lastKnownFileType = sourcecode.swift; path = Test.swift; sourceTree = "<group>"; };
/* End PBXFileReference section */

/* Begin PBXFrameworksBuildPhase section */
		3695ABAB22C06FD5004218CF /* Frameworks */ = {
			isa = PBXFrameworksBuildPhase;
			buildActionMask = 2147483647;
			files = (
			);
			runOnlyForDeploymentPostprocessing = 0;
		};
		3695ABBB22C06FD6004218CF /* Frameworks */ = {
			isa = PBXFrameworksBuildPhase;
			buildActionMask = 2147483647;
			files = (
			);
			runOnlyForDeploymentPostprocessing = 0;
		};
		3695ABC622C06FD6004218CF /* Frameworks */ = {
			isa = PBXFrameworksBuildPhase;
			buildActionMask = 2147483647;
			files = (
			);
			runOnlyForDeploymentPostprocessing = 0;
		};
/* End PBXFrameworksBuildPhase section */

/* Begin PBXGroup section */
		3695ABA522C06FD5004218CF = {
			isa = PBXGroup;
			children = (
				3695ABB022C06FD5004218CF /* ServerBuildTest */,
				3695ABC122C06FD6004218CF /* ServerBuildTestTests */,
				3695ABCC22C06FD6004218CF /* ServerBuildTestUITests */,
				3695ABAF22C06FD5004218CF /* Products */,
			);
			sourceTree = "<group>";
		};
		3695ABAF22C06FD5004218CF /* Products */ = {
			isa = PBXGroup;
			children = (
				3695ABAE22C06FD5004218CF /* ServerBuildTest.app */,
				3695ABBE22C06FD6004218CF /* ServerBuildTestTests.xctest */,
				3695ABC922C06FD6004218CF /* ServerBuildTestUITests.xctest */,
			);
			name = Products;
			sourceTree = "<group>";
		};
		3695ABB022C06FD5004218CF /* ServerBuildTest */ = {
			isa = PBXGroup;
			children = (
				3695ABB122C06FD5004218CF /* AppDelegate.swift */,
				3695ABB322C06FD6004218CF /* Assets.xcassets */,
				3695ABB522C06FD6004218CF /* Main.storyboard */,
				3695ABB822C06FD6004218CF /* Info.plist */,
				3695ABB922C06FD6004218CF /* ServerBuildTest.entitlements */,
				3695ABDB22C07ADB004218CF /* Test.swift */,
			);
			path = ServerBuildTest;
			sourceTree = "<group>";
		};
		3695ABC122C06FD6004218CF /* ServerBuildTestTests */ = {
			isa = PBXGroup;
			children = (
				3695ABC222C06FD6004218CF /* ServerBuildTestTests.swift */,
				3695ABC422C06FD6004218CF /* Info.plist */,
			);
			path = ServerBuildTestTests;
			sourceTree = "<group>";
		};
		3695ABCC22C06FD6004218CF /* ServerBuildTestUITests */ = {
			isa = PBXGroup;
			children = (
				3695ABCD22C06FD6004218CF /* ServerBuildTestUITests.swift */,
				3695ABCF22C06FD6004218CF /* Info.plist */,
			);
			path = ServerBuildTestUITests;
			sourceTree = "<group>";
		};
/* End PBXGroup section */

/* Begin PBXNativeTarget section */
		3695ABAD22C06FD5004218CF /* ServerBuildTest */ = {
			isa = PBXNativeTarget;
			buildConfigurationList = 3695ABD222C06FD6004218CF /* Build configuration list for PBXNativeTarget "ServerBuildTest" */;
			buildPhases = (
				3695ABAA22C06FD5004218CF /* Sources */,
				3695ABAB22C06FD5004218CF /* Frameworks */,
				3695ABAC22C06FD5004218CF /* Resources */,
			);
			buildRules = (
			);
			dependencies = (
			);
			name = ServerBuildTest;
			productName = ServerBuildTest;
			productReference = 3695ABAE22C06FD5004218CF /* ServerBuildTest.app */;
			productType = "com.apple.product-type.application";
		};
		3695ABBD22C06FD6004218CF /* ServerBuildTestTests */ = {
			isa = PBXNativeTarget;
			buildConfigurationList = 3695ABD522C06FD6004218CF /* Build configuration list for PBXNativeTarget "ServerBuildTestTests" */;
			buildPhases = (
				3695ABBA22C06FD6004218CF /* Sources */,
				3695ABBB22C06FD6004218CF /* Frameworks */,
				3695ABBC22C06FD6004218CF /* Resources */,
			);
			buildRules = (
			);
			dependencies = (
				3695ABC022C06FD6004218CF /* PBXTargetDependency */,
			);
			name = ServerBuildTestTests;
			productName = ServerBuildTestTests;
			productReference = 3695ABBE22C06FD6004218CF /* ServerBuildTestTests.xctest */;
			productType = "com.apple.product-type.bundle.unit-test";
		};
		3695ABC822C06FD6004218CF /* ServerBuildTestUITests */ = {
			isa = PBXNativeTarget;
			buildConfigurationList = 3695ABD822C06FD6004218CF /* Build configuration list for PBXNativeTarget "ServerBuildTestUITests" */;
			buildPhases = (
				3695ABC522C06FD6004218CF /* Sources */,
				3695ABC622C06FD6004218CF /* Frameworks */,
				3695ABC722C06FD6004218CF /* Resources */,
			);
			buildRules = (
			);
			dependencies = (
				3695ABCB22C06FD6004218CF /* PBXTargetDependency */,
			);
			name = ServerBuildTestUITests;
			productName = ServerBuildTestUITests;
			productReference = 3695ABC922C06FD6004218CF /* ServerBuildTestUITests.xctest */;
			productType = "com.apple.product-type.bundle.ui-testing";
		};
/* End PBXNativeTarget section */

/* Begin PBXProject section */
		3695ABA622C06FD5004218CF /* Project object */ = {
			isa = PBXProject;
			attributes = {
				LastSwiftUpdateCheck = 1100;
				LastUpgradeCheck = 1100;
				ORGANIZATIONNAME = "seth piezas";
				TargetAttributes = {
					3695ABAD22C06FD5004218CF = {
						CreatedOnToolsVersion = 11.0;
					};
					3695ABBD22C06FD6004218CF = {
						CreatedOnToolsVersion = 11.0;
						TestTargetID = 3695ABAD22C06FD5004218CF;
					};
					3695ABC822C06FD6004218CF = {
						CreatedOnToolsVersion = 11.0;
						TestTargetID = 3695ABAD22C06FD5004218CF;
					};
				};
			};
			buildConfigurationList = 3695ABA922C06FD5004218CF /* Build configuration list for PBXProject "ServerBuildTest" */;
			compatibilityVersion = "Xcode 9.3";
			developmentRegion = en;
			hasScannedForEncodings = 0;
			knownRegions = (
				en,
				Base,
			);
			mainGroup = 3695ABA522C06FD5004218CF;
			productRefGroup = 3695ABAF22C06FD5004218CF /* Products */;
			projectDirPath = "";
			projectRoot = "";
			targets = (
				3695ABAD22C06FD5004218CF /* ServerBuildTest */,
				3695ABBD22C06FD6004218CF /* ServerBuildTestTests */,
				3695ABC822C06FD6004218CF /* ServerBuildTestUITests */,
			);
		};
/* End PBXProject section */

/* Begin PBXResourcesBuildPhase section */
		3695ABAC22C06FD5004218CF /* Resources */ = {
			isa = PBXResourcesBuildPhase;
			buildActionMask = 2147483647;
			files = (
				3695ABB422C06FD6004218CF /* Assets.xcassets in Resources */,
				3695ABB722C06FD6004218CF /* Main.storyboard in Resources */,
			);
			runOnlyForDeploymentPostprocessing = 0;
		};
		3695ABBC22C06FD6004218CF /* Resources */ = {
			isa = PBXResourcesBuildPhase;
			buildActionMask = 2147483647;
			files = (
			);
			runOnlyForDeploymentPostprocessing = 0;
		};
		3695ABC722C06FD6004218CF /* Resources */ = {
			isa = PBXResourcesBuildPhase;
			buildActionMask = 2147483647;
			files = (
			);
			runOnlyForDeploymentPostprocessing = 0;
		};
/* End PBXResourcesBuildPhase section */

/* Begin PBXSourcesBuildPhase section */
		3695ABAA22C06FD5004218CF /* Sources */ = {
			isa = PBXSourcesBuildPhase;
			buildActionMask = 2147483647;
			files = (
				3695ABB222C06FD5004218CF /* AppDelegate.swift in Sources */,
				3695ABDC22C07ADB004218CF /* Test.swift in Sources */,
			);
			runOnlyForDeploymentPostprocessing = 0;
		};
		3695ABBA22C06FD6004218CF /* Sources */ = {
			isa = PBXSourcesBuildPhase;
			buildActionMask = 2147483647;
			files = (
				3695ABC322C06FD6004218CF /* ServerBuildTestTests.swift in Sources */,
				3695ABDD22C07ADB004218CF /* Test.swift in Sources */,
			);
			runOnlyForDeploymentPostprocessing = 0;
		};
		3695ABC522C06FD6004218CF /* Sources */ = {
			isa = PBXSourcesBuildPhase;
			buildActionMask = 2147483647;
			files = (
				3695ABCE22C06FD6004218CF /* ServerBuildTestUITests.swift in Sources */,
				3695ABDE22C07ADB004218CF /* Test.swift in Sources */,
			);
			runOnlyForDeploymentPostprocessing = 0;
		};
/* End PBXSourcesBuildPhase section */

/* Begin PBXTargetDependency section */
		3695ABC022C06FD6004218CF /* PBXTargetDependency */ = {
			isa = PBXTargetDependency;
			target = 3695ABAD22C06FD5004218CF /* ServerBuildTest */;
			targetProxy = 3695ABBF22C06FD6004218CF /* PBXContainerItemProxy */;
		};
		3695ABCB22C06FD6004218CF /* PBXTargetDependency */ = {
			isa = PBXTargetDependency;
			target = 3695ABAD22C06FD5004218CF /* ServerBuildTest */;
			targetProxy = 3695ABCA22C06FD6004218CF /* PBXContainerItemProxy */;
		};
/* End PBXTargetDependency section */

/* Begin PBXVariantGroup section */
		3695ABB522C06FD6004218CF /* Main.storyboard */ = {
			isa = PBXVariantGroup;
			children = (
				3695ABB622C06FD6004218CF /* Base */,
			);
			name = Main.storyboard;
			sourceTree = "<group>";
		};
/* End PBXVariantGroup section */

/* Begin XCBuildConfiguration section */
		3695ABD022C06FD6004218CF /* Debug */ = {
			isa = XCBuildConfiguration;
			buildSettings = {
				ALWAYS_SEARCH_USER_PATHS = NO;
				CLANG_ANALYZER_NONNULL = YES;
				CLANG_ANALYZER_NUMBER_OBJECT_CONVERSION = YES_AGGRESSIVE;
				CLANG_CXX_LANGUAGE_STANDARD = "gnu++14";
				CLANG_CXX_LIBRARY = "libc++";
				CLANG_ENABLE_MODULES = YES;
				CLANG_ENABLE_OBJC_ARC = YES;
				CLANG_ENABLE_OBJC_WEAK = YES;
				CLANG_WARN_BLOCK_CAPTURE_AUTORELEASING = YES;
				CLANG_WARN_BOOL_CONVERSION = YES;
				CLANG_WARN_COMMA = YES;
				CLANG_WARN_CONSTANT_CONVERSION = YES;
				CLANG_WARN_DEPRECATED_OBJC_IMPLEMENTATIONS = YES;
				CLANG_WARN_DIRECT_OBJC_ISA_USAGE = YES_ERROR;
				CLANG_WARN_DOCUMENTATION_COMMENTS = YES;
				CLANG_WARN_EMPTY_BODY = YES;
				CLANG_WARN_ENUM_CONVERSION = YES;
				CLANG_WARN_INFINITE_RECURSION = YES;
				CLANG_WARN_INT_CONVERSION = YES;
				CLANG_WARN_NON_LITERAL_NULL_CONVERSION = YES;
				CLANG_WARN_OBJC_IMPLICIT_RETAIN_SELF = YES;
				CLANG_WARN_OBJC_LITERAL_CONVERSION = YES;
				CLANG_WARN_OBJC_ROOT_CLASS = YES_ERROR;
				CLANG_WARN_RANGE_LOOP_ANALYSIS = YES;
				CLANG_WARN_STRICT_PROTOTYPES = YES;
				CLANG_WARN_SUSPICIOUS_MOVE = YES;
				CLANG_WARN_UNGUARDED_AVAILABILITY = YES_AGGRESSIVE;
				CLANG_WARN_UNREACHABLE_CODE = YES;
				CLANG_WARN__DUPLICATE_METHOD_MATCH = YES;
				COPY_PHASE_STRIP = NO;
				DEBUG_INFORMATION_FORMAT = dwarf;
				ENABLE_STRICT_OBJC_MSGSEND = YES;
				ENABLE_TESTABILITY = YES;
				GCC_C_LANGUAGE_STANDARD = gnu11;
				GCC_DYNAMIC_NO_PIC = NO;
				GCC_NO_COMMON_BLOCKS = YES;
				GCC_OPTIMIZATION_LEVEL = 0;
				GCC_PREPROCESSOR_DEFINITIONS = (
					"DEBUG=1",
					"$(inherited)",
				);
				GCC_WARN_64_TO_32_BIT_CONVERSION = YES;
				GCC_WARN_ABOUT_RETURN_TYPE = YES_ERROR;
				GCC_WARN_UNDECLARED_SELECTOR = YES;
				GCC_WARN_UNINITIALIZED_AUTOS = YES_AGGRESSIVE;
				GCC_WARN_UNUSED_FUNCTION = YES;
				GCC_WARN_UNUSED_VARIABLE = YES;
				MACOSX_DEPLOYMENT_TARGET = 10.15;
				MTL_ENABLE_DEBUG_INFO = INCLUDE_SOURCE;
				MTL_FAST_MATH = YES;
				ONLY_ACTIVE_ARCH = YES;
				SDKROOT = macosx;
				SWIFT_ACTIVE_COMPILATION_CONDITIONS = DEBUG;
				SWIFT_OPTIMIZATION_LEVEL = "-Onone";
			};
			name = Debug;
		};
		3695ABD122C06FD6004218CF /* Release */ = {
			isa = XCBuildConfiguration;
			buildSettings = {
				ALWAYS_SEARCH_USER_PATHS = NO;
				CLANG_ANALYZER_NONNULL = YES;
				CLANG_ANALYZER_NUMBER_OBJECT_CONVERSION = YES_AGGRESSIVE;
				CLANG_CXX_LANGUAGE_STANDARD = "gnu++14";
				CLANG_CXX_LIBRARY = "libc++";
				CLANG_ENABLE_MODULES = YES;
				CLANG_ENABLE_OBJC_ARC = YES;
				CLANG_ENABLE_OBJC_WEAK = YES;
				CLANG_WARN_BLOCK_CAPTURE_AUTORELEASING = YES;
				CLANG_WARN_BOOL_CONVERSION = YES;
				CLANG_WARN_COMMA = YES;
				CLANG_WARN_CONSTANT_CONVERSION = YES;
				CLANG_WARN_DEPRECATED_OBJC_IMPLEMENTATIONS = YES;
				CLANG_WARN_DIRECT_OBJC_ISA_USAGE = YES_ERROR;
				CLANG_WARN_DOCUMENTATION_COMMENTS = YES;
				CLANG_WARN_EMPTY_BODY = YES;
				CLANG_WARN_ENUM_CONVERSION = YES;
				CLANG_WARN_INFINITE_RECURSION = YES;
				CLANG_WARN_INT_CONVERSION = YES;
				CLANG_WARN_NON_LITERAL_NULL_CONVERSION = YES;
				CLANG_WARN_OBJC_IMPLICIT_RETAIN_SELF = YES;
				CLANG_WARN_OBJC_LITERAL_CONVERSION = YES;
				CLANG_WARN_OBJC_ROOT_CLASS = YES_ERROR;
				CLANG_WARN_RANGE_LOOP_ANALYSIS = YES;
				CLANG_WARN_STRICT_PROTOTYPES = YES;
				CLANG_WARN_SUSPICIOUS_MOVE = YES;
				CLANG_WARN_UNGUARDED_AVAILABILITY = YES_AGGRESSIVE;
				CLANG_WARN_UNREACHABLE_CODE = YES;
				CLANG_WARN__DUPLICATE_METHOD_MATCH = YES;
				COPY_PHASE_STRIP = NO;
				DEBUG_INFORMATION_FORMAT = "dwarf-with-dsym";
				ENABLE_NS_ASSERTIONS = NO;
				ENABLE_STRICT_OBJC_MSGSEND = YES;
				GCC_C_LANGUAGE_STANDARD = gnu11;
				GCC_NO_COMMON_BLOCKS = YES;
				GCC_WARN_64_TO_32_BIT_CONVERSION = YES;
				GCC_WARN_ABOUT_RETURN_TYPE = YES_ERROR;
				GCC_WARN_UNDECLARED_SELECTOR = YES;
				GCC_WARN_UNINITIALIZED_AUTOS = YES_AGGRESSIVE;
				GCC_WARN_UNUSED_FUNCTION = YES;
				GCC_WARN_UNUSED_VARIABLE = YES;
				MACOSX_DEPLOYMENT_TARGET = 10.15;
				MTL_ENABLE_DEBUG_INFO = NO;
				MTL_FAST_MATH = YES;
				SDKROOT = macosx;
				SWIFT_COMPILATION_MODE = wholemodule;
				SWIFT_OPTIMIZATION_LEVEL = "-O";
			};
			name = Release;
		};
		3695ABD322C06FD6004218CF /* Debug */ = {
			isa = XCBuildConfiguration;
			buildSettings = {
				ASSETCATALOG_COMPILER_APPICON_NAME = AppIcon;
				CODE_SIGN_ENTITLEMENTS = ServerBuildTest/ServerBuildTest.entitlements;
				CODE_SIGN_IDENTITY = "Apple Development";
				CODE_SIGN_STYLE = Automatic;
				COMBINE_HIDPI_IMAGES = YES;
				DEVELOPMENT_TEAM = 9552FHDJA9;
				ENABLE_HARDENED_RUNTIME = YES;
				INFOPLIST_FILE = ServerBuildTest/Info.plist;
				LD_RUNPATH_SEARCH_PATHS = (
					"$(inherited)",
					"@executable_path/../Frameworks",
				);
				PRODUCT_BUNDLE_IDENTIFIER = com.exo.ideas.apps..ServerBuildTest;
				PRODUCT_NAME = "$(TARGET_NAME)";
				PROVISIONING_PROFILE_SPECIFIER = "";
				SWIFT_VERSION = 5.0;
			};
			name = Debug;
		};
		3695ABD422C06FD6004218CF /* Release */ = {
			isa = XCBuildConfiguration;
			buildSettings = {
				ASSETCATALOG_COMPILER_APPICON_NAME = AppIcon;
				CODE_SIGN_ENTITLEMENTS = ServerBuildTest/ServerBuildTest.entitlements;
				CODE_SIGN_IDENTITY = "Apple Development";
				CODE_SIGN_STYLE = Automatic;
				COMBINE_HIDPI_IMAGES = YES;
				DEVELOPMENT_TEAM = 9552FHDJA9;
				ENABLE_HARDENED_RUNTIME = YES;
				INFOPLIST_FILE = ServerBuildTest/Info.plist;
				LD_RUNPATH_SEARCH_PATHS = (
					"$(inherited)",
					"@executable_path/../Frameworks",
				);
				PRODUCT_BUNDLE_IDENTIFIER = com.exo.ideas.apps..ServerBuildTest;
				PRODUCT_NAME = "$(TARGET_NAME)";
				PROVISIONING_PROFILE_SPECIFIER = "";
				SWIFT_VERSION = 5.0;
			};
			name = Release;
		};
		3695ABD622C06FD6004218CF /* Debug */ = {
			isa = XCBuildConfiguration;
			buildSettings = {
				ALWAYS_EMBED_SWIFT_STANDARD_LIBRARIES = YES;
				BUNDLE_LOADER = "$(TEST_HOST)";
				CODE_SIGN_STYLE = Automatic;
				COMBINE_HIDPI_IMAGES = YES;
				DEVELOPMENT_TEAM = 89PA3NYMJK;
				INFOPLIST_FILE = ServerBuildTestTests/Info.plist;
				LD_RUNPATH_SEARCH_PATHS = (
					"$(inherited)",
					"@executable_path/../Frameworks",
					"@loader_path/../Frameworks",
				);
				PRODUCT_BUNDLE_IDENTIFIER = com.exo.ideas.apps..ServerBuildTestTests;
				PRODUCT_NAME = "$(TARGET_NAME)";
				SWIFT_VERSION = 5.0;
				TEST_HOST = "$(BUILT_PRODUCTS_DIR)/ServerBuildTest.app/Contents/MacOS/ServerBuildTest";
			};
			name = Debug;
		};
		3695ABD722C06FD6004218CF /* Release */ = {
			isa = XCBuildConfiguration;
			buildSettings = {
				ALWAYS_EMBED_SWIFT_STANDARD_LIBRARIES = YES;
				BUNDLE_LOADER = "$(TEST_HOST)";
				CODE_SIGN_STYLE = Automatic;
				COMBINE_HIDPI_IMAGES = YES;
				DEVELOPMENT_TEAM = 89PA3NYMJK;
				INFOPLIST_FILE = ServerBuildTestTests/Info.plist;
				LD_RUNPATH_SEARCH_PATHS = (
					"$(inherited)",
					"@executable_path/../Frameworks",
					"@loader_path/../Frameworks",
				);
				PRODUCT_BUNDLE_IDENTIFIER = com.exo.ideas.apps..ServerBuildTestTests;
				PRODUCT_NAME = "$(TARGET_NAME)";
				SWIFT_VERSION = 5.0;
				TEST_HOST = "$(BUILT_PRODUCTS_DIR)/ServerBuildTest.app/Contents/MacOS/ServerBuildTest";
			};
			name = Release;
		};
		3695ABD922C06FD6004218CF /* Debug */ = {
			isa = XCBuildConfiguration;
			buildSettings = {
				ALWAYS_EMBED_SWIFT_STANDARD_LIBRARIES = YES;
				CODE_SIGN_STYLE = Automatic;
				COMBINE_HIDPI_IMAGES = YES;
				DEVELOPMENT_TEAM = 89PA3NYMJK;
				INFOPLIST_FILE = ServerBuildTestUITests/Info.plist;
				LD_RUNPATH_SEARCH_PATHS = (
					"$(inherited)",
					"@executable_path/../Frameworks",
					"@loader_path/../Frameworks",
				);
				PRODUCT_BUNDLE_IDENTIFIER = com.exo.ideas.apps..ServerBuildTestUITests;
				PRODUCT_NAME = "$(TARGET_NAME)";
				SWIFT_VERSION = 5.0;
				TEST_TARGET_NAME = ServerBuildTest;
			};
			name = Debug;
		};
		3695ABDA22C06FD6004218CF /* Release */ = {
			isa = XCBuildConfiguration;
			buildSettings = {
				ALWAYS_EMBED_SWIFT_STANDARD_LIBRARIES = YES;
				CODE_SIGN_STYLE = Automatic;
				COMBINE_HIDPI_IMAGES = YES;
				DEVELOPMENT_TEAM = 89PA3NYMJK;
				INFOPLIST_FILE = ServerBuildTestUITests/Info.plist;
				LD_RUNPATH_SEARCH_PATHS = (
					"$(inherited)",
					"@executable_path/../Frameworks",
					"@loader_path/../Frameworks",
				);
				PRODUCT_BUNDLE_IDENTIFIER = com.exo.ideas.apps..ServerBuildTestUITests;
				PRODUCT_NAME = "$(TARGET_NAME)";
				SWIFT_VERSION = 5.0;
				TEST_TARGET_NAME = ServerBuildTest;
			};
			name = Release;
		};
/* End XCBuildConfiguration section */

/* Begin XCConfigurationList section */
		3695ABA922C06FD5004218CF /* Build configuration list for PBXProject "ServerBuildTest" */ = {
			isa = XCConfigurationList;
			buildConfigurations = (
				3695ABD022C06FD6004218CF /* Debug */,
				3695ABD122C06FD6004218CF /* Release */,
			);
			defaultConfigurationIsVisible = 0;
			defaultConfigurationName = Release;
		};
		3695ABD222C06FD6004218CF /* Build configuration list for PBXNativeTarget "ServerBuildTest" */ = {
			isa = XCConfigurationList;
			buildConfigurations = (
				3695ABD322C06FD6004218CF /* Debug */,
				3695ABD422C06FD6004218CF /* Release */,
			);
			defaultConfigurationIsVisible = 0;
			defaultConfigurationName = Release;
		};
		3695ABD522C06FD6004218CF /* Build configuration list for PBXNativeTarget "ServerBuildTestTests" */ = {
			isa = XCConfigurationList;
			buildConfigurations = (
				3695ABD622C06FD6004218CF /* Debug */,
				3695ABD722C06FD6004218CF /* Release */,
			);
			defaultConfigurationIsVisible = 0;
			defaultConfigurationName = Release;
		};
		3695ABD822C06FD6004218CF /* Build configuration list for PBXNativeTarget "ServerBuildTestUITests" */ = {
			isa = XCConfigurationList;
			buildConfigurations = (
				3695ABD922C06FD6004218CF /* Debug */,
				3695ABDA22C06FD6004218CF /* Release */,
			);
			defaultConfigurationIsVisible = 0;
			defaultConfigurationName = Release;
		};
/* End XCConfigurationList section */
	};
	rootObject = 3695ABA622C06FD5004218CF /* Project object */;
}
